
Microsoft Visual Studio Solution File, Format Version 12.00
# Visual Studio Version 16
VisualStudioVersion = 16.0.31829.152
MinimumVisualStudioVersion = 10.0.40219.1
Project("{9A19103F-16F7-4668-BE54-9A1E7A4F7556}") = "Bankautomat", "Bankautomat.csproj", "{3941879A-E5AA-4A9D-92E9-E5D4BB491F8A}"
EndProject
Project("{9A19103F-16F7-4668-BE54-9A1E7A4F7556}") = "TestBankautomat.UnitTests", "..\TestBankautomat.UnitTests\TestBankautomat.UnitTests.csproj", "{0DA154BD-9559-4D99-9069-B75AD9E6390B}"
EndProject
Global
	GlobalSection(SolutionConfigurationPlatforms) = preSolution
		Debug|Any CPU = Debug|Any CPU
		Release|Any CPU = Release|Any CPU
	EndGlobalSection
	GlobalSection(ProjectConfigurationPlatforms) = postSolution
		{3941879A-E5AA-4A9D-92E9-E5D4BB491F8A}.Debug|Any CPU.ActiveCfg = Debug|Any CPU
		{3941879A-E5AA-4A9D-92E9-E5D4BB491F8A}.Debug|Any CPU.Build.0 = Debug|Any CPU
		{3941879A-E5AA-4A9D-92E9-E5D4BB491F8A}.Release|Any CPU.ActiveCfg = Release|Any CPU
		{3941879A-E5AA-4A9D-92E9-E5D4BB491F8A}.Release|Any CPU.Build.0 = Release|Any CPU
		{0DA154BD-9559-4D99-9069-B75AD9E6390B}.Debug|Any CPU.ActiveCfg = Debug|Any CPU
		{0DA154BD-9559-4D99-9069-B75AD9E6390B}.Debug|Any CPU.Build.0 = Debug|Any CPU
		{0DA154BD-9559-4D99-9069-B75AD9E6390B}.Release|Any CPU.ActiveCfg = Release|Any CPU
		{0DA154BD-9559-4D99-9069-B75AD9E6390B}.Release|Any CPU.Build.0 = Release|Any CPU
	EndGlobalSection
	GlobalSection(SolutionProperties) = preSolution
		HideSolutionNode = FALSE
	EndGlobalSection
	GlobalSection(ExtensibilityGlobals) = postSolution
		SolutionGuid = {27E0EC8B-0FD2-490A-A81C-839D1A228E8B}
	EndGlobalSection
EndGlobal
